github.com/wowchemy/wowchemy-hugo-modules/wowchemy-cms/v5 v5.0.0-20220213222331-31333ef8d41f h1:5Pd11qhahF7O12WztRrMLBJUlG+DCWGh9tdV+6+34Ic=
github.com/wowchemy/wowchemy-hugo-modules/wowchemy-cms/v5 v5.0.0-20220213222331-31333ef8d41f/go.mod h1:Sp/AKo+2HAPi/IPHp1MEdKPmee+mzO5+efUBUPLPqPE=
github.com/wowchemy/wowchemy-hugo-modules/wowchemy/v5 v5.0.0-20220213222331-31333ef8d41f h1:wzKGIJelC3Bn7xazrXL1Td3CKb02IDHUXnCh87djL6M=
github.com/wowchemy/wowchemy-hugo-modules/wowchemy/v5 v5.0.0-20220213222331-31333ef8d41f/go.mod h1:2iL9rdrUYyJXX2BeHKfK+QbqZlubCsaR60nQ87NRQTY=
